version: 2.0
shards:
  admiral:
    git: https://github.com/jwaldrip/admiral.cr.git
    version: 1.12.1

  ameba:
    git: https://github.com/veelenga/ameba.git
    version: 0.14.3+git.commit.9a91e42bcca51cd6142e2645919e51ef79767e71

  db:
    git: https://github.com/crystal-lang/crystal-db.git
    version: 0.10.1

  generate:
    git: https://github.com/anykeyh/generate.cr.git
    version: 0.1.0+git.commit.f5dafc934a70e0ee2f246dddf3df44686f844da2

  inflector:
    git: https://github.com/phoffer/inflector.cr.git
    version: 0.1.8

  pg:
    git: https://github.com/will/crystal-pg.git
    version: 0.24.0

